{
  "name": "projecto_1",
  "version": "1.0.0",
  "lockfileVersion": 3,
  "requires": true,
  "packages": {
    "": {
      "name": "projecto_1",
      "version": "1.0.0",
      "license": "ISC",
      "dependencies": {
        "projecto_1": "file:"
      }
    },
    "node_modules/projecto_1": {
      "resolved": "",
      "link": true
    }
  }
}
